# Generated by conda-lock.
# platform: win-64
# env_hash: f01537401841e2ce939177526d5c25697335daa82f7e509cfbd0110e65a22c66
@EXPLICIT
https://conda.anaconda.org/conda-forge/win-64/git-2.32.0-h57928b3_0.tar.bz2#21ff505b218a349f908fb02cfefb4e29
https://conda.anaconda.org/conda-forge/win-64/ca-certificates-2021.5.30-h5b45459_0.tar.bz2#cfb6380d41af681ad323403f02755a15
https://conda.anaconda.org/conda-forge/win-64/pandoc-2.14.1-h8ffe710_0.tar.bz2#36db03a62f4f96ef4f1f262b0945b8db
https://conda.anaconda.org/conda-forge/win-64/ucrt-10.0.20348.0-h57928b3_0.tar.bz2#6d666b6ea8251231ff508062d1e41f9c
https://conda.anaconda.org/conda-forge/win-64/winpty-0.4.3-4.tar.bz2#1cee351bf20b830d991dbe0bc8cd7dfe
https://conda.anaconda.org/conda-forge/win-64/vs2015_runtime-14.29.30037-h902a5da_5.tar.bz2#9d806b41066c34981a5da22bfeffd8e8
https://conda.anaconda.org/conda-forge/win-64/vc-14.2-hb210afc_5.tar.bz2#ee42529d57c3b455d9fec61e912aa2a6
https://conda.anaconda.org/conda-forge/win-64/bzip2-1.0.8-h8ffe710_4.tar.bz2#7c03c66026944073040cb19a4f3ec3c9
https://conda.anaconda.org/conda-forge/win-64/libiconv-1.16-he774522_0.tar.bz2#bdfeadc9348e4d9fbe4821e81bf8f221
https://conda.anaconda.org/conda-forge/win-64/libsodium-1.0.18-h8d14728_1.tar.bz2#5c1fb45b5e2912c19098750ae8a32604
https://conda.anaconda.org/conda-forge/win-64/lz4-c-1.9.3-h8ffe710_0.tar.bz2#5c9a617ed4fbd41f8c564fab236dda60
https://conda.anaconda.org/conda-forge/win-64/lzo-2.10-he774522_1000.tar.bz2#d5cf4b7eaa52316f135eed9e8548ad57
https://conda.anaconda.org/conda-forge/win-64/openssl-1.1.1k-h8ffe710_0.tar.bz2#e94dbe6f21cc34fa9cc3cf26cd42466a
https://conda.anaconda.org/conda-forge/win-64/reproc-14.2.1-h8ffe710_0.tar.bz2#8fdd355ebf4593385112b247a83f5806
https://conda.anaconda.org/conda-forge/win-64/sqlite-3.36.0-h8ffe710_0.tar.bz2#b7e2a74bafb1c94b0ea7195ef2149f8e
https://conda.anaconda.org/conda-forge/win-64/tk-8.6.10-h8ffe710_1.tar.bz2#0796b4624ee7797fca7819459a79c6e6
https://conda.anaconda.org/conda-forge/win-64/xz-5.2.5-h62dcd97_1.tar.bz2#eabcbfedd14d7c18a514afca09ea0ebb
https://conda.anaconda.org/conda-forge/win-64/yaml-0.2.5-he774522_0.tar.bz2#d41c34441d8bbb6d141e691ae7bccf35
https://conda.anaconda.org/conda-forge/win-64/zlib-1.2.11-h62dcd97_1010.tar.bz2#a4cdf389c5f73e60a0ca121ff77c22a9
https://conda.anaconda.org/conda-forge/win-64/krb5-1.19.1-hbae68bd_0.tar.bz2#518741884ccc4022b720acfced197048
https://conda.anaconda.org/conda-forge/win-64/libsolv-0.7.19-h7755175_5.tar.bz2#25b1c3998d82e0129eb625052854ad5b
https://conda.anaconda.org/conda-forge/win-64/libssh2-1.9.0-h680486a_6.tar.bz2#4633dc7f3ab2692be68952ded790dd16
https://conda.anaconda.org/conda-forge/win-64/libxml2-2.9.12-hf5bbc77_0.tar.bz2#0f1e832cbd8ae60708f4419f4b25c208
https://conda.anaconda.org/conda-forge/win-64/python-3.8.10-h7840368_1_cpython.tar.bz2#a4057b16c7db9c862530802b5e357dbc
https://conda.anaconda.org/conda-forge/win-64/reproc-cpp-14.2.1-h0e60522_0.tar.bz2#225f0c12c0bb4f118be96b1766466347
https://conda.anaconda.org/conda-forge/win-64/zeromq-4.3.4-h0e60522_0.tar.bz2#e9004ac5d24937850e9edff978c7e515
https://conda.anaconda.org/conda-forge/win-64/zstd-1.5.0-h6255e5f_0.tar.bz2#3a997ecef5b2cf97db57a6fcf64e4728
https://conda.anaconda.org/conda-forge/win-64/libarchive-3.5.1-hb45042f_2.tar.bz2#be73ac647a3d800c9e503f82e0a9efa5
https://conda.anaconda.org/conda-forge/win-64/libcurl-7.77.0-h789b8ee_0.tar.bz2#1d87f8a14c648643536078816d489b9c
https://conda.anaconda.org/conda-forge/win-64/python_abi-3.8-2_cp38.tar.bz2#80b95487563108d4cf92ff6384050751
https://conda.anaconda.org/conda-forge/win-64/pywin32-300-py38h294d835_0.tar.bz2#00ca6208d00309f45c22443aa77a9e1e
https://conda.anaconda.org/conda-forge/win-64/menuinst-1.4.17-py38haa244fe_1.tar.bz2#762ddda5615cda276774c38ac5a1d71a
https://conda.anaconda.org/conda-forge/win-64/certifi-2021.5.30-py38haa244fe_0.tar.bz2#c67310f818089d4919abe5f0d73dd4e4
https://conda.anaconda.org/conda-forge/win-64/chardet-4.0.0-py38haa244fe_1.tar.bz2#9bbdbfa107dd56c65935bc1843dcce87
https://conda.anaconda.org/conda-forge/win-64/debugpy-1.4.0-py38h885f38d_0.tar.bz2#9bf9fe0bd279da4a203106b1eff0027e
https://conda.anaconda.org/conda-forge/win-64/docutils-0.16-py38haa244fe_3.tar.bz2#b8a59d344ee2d69a478aaf2190f5944c
https://conda.anaconda.org/conda-forge/win-64/markupsafe-2.0.1-py38h294d835_0.tar.bz2#5cd73c62b2e84ef72d32f5c1a824f633
https://conda.anaconda.org/conda-forge/win-64/mistune-0.8.4-py38h294d835_1004.tar.bz2#9f4872aa46659f1744f8d2f55d934d06
https://conda.anaconda.org/conda-forge/win-64/pycosat-0.6.3-py38h294d835_1006.tar.bz2#57dd729b2ae969adabb336759879d678
https://conda.anaconda.org/conda-forge/win-64/pyrsistent-0.17.3-py38h294d835_2.tar.bz2#7989a0a7774033d28158f68c2cb86b5b
https://conda.anaconda.org/conda-forge/win-64/pywinpty-1.1.3-py38hd3f51b4_0.tar.bz2#2779a070f6c1ef0a5bf724cf606fe8c1
https://conda.anaconda.org/conda-forge/win-64/pyyaml-5.4.1-py38h294d835_0.tar.bz2#6502967250cd8e7512fc8252c0da28d7
https://conda.anaconda.org/conda-forge/win-64/pyzmq-22.1.0-py38h09162b1_0.tar.bz2#037b788a874a647c62bfc2eaae91ec81
https://conda.anaconda.org/conda-forge/win-64/ruamel_yaml-0.15.80-py38h294d835_1004.tar.bz2#ed557c611af67b1a20c531719661fda6
https://conda.anaconda.org/conda-forge/win-64/sniffio-1.2.0-py38haa244fe_1.tar.bz2#5ce6ffe01b6e2531347f9ac7e46d3b69
https://conda.anaconda.org/conda-forge/win-64/sqlalchemy-1.3.23-py38h294d835_0.tar.bz2#76faae51942ff5bd32bdc151dbb784d8
https://conda.anaconda.org/conda-forge/win-64/tornado-6.1-py38h294d835_1.tar.bz2#e2d72b0e2e40b6b444617c079d4cfb75
https://conda.anaconda.org/conda-forge/win-64/win_inet_pton-1.1.0-py38haa244fe_2.tar.bz2#6ebb62fd7f9ad919a8e43548e1163130
https://conda.anaconda.org/conda-forge/win-64/wincertstore-0.2-py38haa244fe_1006.tar.bz2#3d25df9e81ec24db2d91b7b477860a01
https://conda.anaconda.org/conda-forge/win-64/pysocks-1.7.1-py38haa244fe_3.tar.bz2#8fac4219dff4b3204e424f219660565c
https://conda.anaconda.org/conda-forge/win-64/setuptools-49.6.0-py38haa244fe_3.tar.bz2#c104ed0b1f9f55efcf872c4af2a6036a
https://conda.anaconda.org/conda-forge/win-64/terminado-0.10.1-py38haa244fe_0.tar.bz2#50d134b2b6d5aa3e950a9a81517bc650
https://conda.anaconda.org/conda-forge/noarch/alabaster-0.7.12-py_0.tar.bz2#2489a97287f90176ecdc3ca982b4b0a0
https://conda.anaconda.org/conda-forge/noarch/appdirs-1.4.4-pyh9f0ad1d_0.tar.bz2#5f095bc6454094e96f146491fd03633b
https://conda.anaconda.org/conda-forge/noarch/async_generator-1.10-py_0.tar.bz2#d56c596e61b1c4952acf0a9920856c12
https://conda.anaconda.org/conda-forge/noarch/attrs-20.3.0-pyhd3deb0d_0.tar.bz2#5b319abb055eefcfa344bc21378ca23f
https://conda.anaconda.org/conda-forge/noarch/backcall-0.2.0-pyh9f0ad1d_0.tar.bz2#6006a6d08a3fa99268a2681c7fb55213
https://conda.anaconda.org/conda-forge/noarch/backports-1.0-py_2.tar.bz2#0da16b293affa6ac31812376f8eb79dd
https://conda.anaconda.org/conda-forge/noarch/backports.functools_lru_cache-1.6.4-pyhd8ed1ab_0.tar.bz2#c5b3edc62d6309088f4970b3eaaa65a6
https://conda.anaconda.org/conda-forge/noarch/charset-normalizer-2.0.0-pyhd8ed1ab_0.tar.bz2#4a57e24d5b759893615c05926b7b5fb9
https://conda.anaconda.org/conda-forge/noarch/click-7.1.2-pyh9f0ad1d_0.tar.bz2#bd50a970ce07e660c319fdc4d730d3f1
https://conda.anaconda.org/conda-forge/noarch/click-default-group-1.2.2-pyhd8ed1ab_1.tar.bz2#72a46ffc25701c173932fd55cf0965d3
https://conda.anaconda.org/conda-forge/noarch/click-log-0.3.2-pyh9f0ad1d_0.tar.bz2#3a64d156136fad977df1b81a24b57ac0
https://conda.anaconda.org/conda-forge/noarch/colorama-0.4.4-pyh9f0ad1d_0.tar.bz2#c08b4c1326b880ed44f3ffb04803332f
https://conda.anaconda.org/conda-forge/noarch/dataclasses-0.8-pyhc8e2a94_1.tar.bz2#28e0de0ecba81334619a777fdc00febc
https://conda.anaconda.org/conda-forge/noarch/decorator-5.0.9-pyhd8ed1ab_0.tar.bz2#0ae9cca42e37b5ce6267c2a2b1383546
https://conda.anaconda.org/conda-forge/noarch/defusedxml-0.7.1-pyhd8ed1ab_0.tar.bz2#961b3a227b437d82ad7054484cfa71b2
https://conda.anaconda.org/conda-forge/noarch/entrypoints-0.3-pyhd8ed1ab_1003.tar.bz2#bbf9a201f6ce99a506f4955374d9a9f4
https://conda.anaconda.org/conda-forge/noarch/filelock-3.0.12-pyh9f0ad1d_0.tar.bz2#7544ed05bbbe9bb687bc9bcbe4d6cb46
https://conda.anaconda.org/conda-forge/noarch/idna-3.1-pyhd3deb0d_0.tar.bz2#9c9aea4b8391264477df484f798562d0
https://conda.anaconda.org/conda-forge/win-64/anyio-3.3.0-py38haa244fe_0.tar.bz2#e669ec9813cd0ccc0be0264d19df10b7
https://conda.anaconda.org/conda-forge/noarch/imagesize-1.2.0-py_0.tar.bz2#5879bd2c4b399a5072468e5fe587bf1b
https://conda.anaconda.org/conda-forge/noarch/ipython_genutils-0.2.0-py_1.tar.bz2#5071c982548b3a20caf70462f04f5287
https://conda.anaconda.org/conda-forge/noarch/jinja2-3.0.1-pyhd8ed1ab_0.tar.bz2#c647e77921fd3e245cdcc5b2d451a0f8
https://conda.anaconda.org/conda-forge/noarch/jupyterlab_widgets-1.0.0-pyhd8ed1ab_1.tar.bz2#f8da92114c8fbe1d951b0efaf54dd14b
https://conda.anaconda.org/conda-forge/noarch/nest-asyncio-1.5.1-pyhd8ed1ab_0.tar.bz2#47a51a5b8f9cc41004c8d7bd88b62447
https://conda.anaconda.org/conda-forge/noarch/pandocfilters-1.4.2-py_1.tar.bz2#ba6f4a308f1ea22abe1d72e72544af76
https://conda.anaconda.org/conda-forge/noarch/parso-0.8.2-pyhd8ed1ab_0.tar.bz2#fb40b157bd62b457a1cc82527b63f0b0
https://conda.anaconda.org/conda-forge/win-64/jedi-0.18.0-py38haa244fe_2.tar.bz2#5ebcdbf2b8991fb81c246dfaa2c6be95
https://conda.anaconda.org/conda-forge/noarch/pickleshare-0.7.5-py_1003.tar.bz2#415f0ebb6198cc2801c73438a9fb5761
https://conda.anaconda.org/conda-forge/noarch/prometheus_client-0.11.0-pyhd8ed1ab_0.tar.bz2#01f530bf82d9f589c2087b8c347d5e29
https://conda.anaconda.org/conda-forge/noarch/pycparser-2.20-pyh9f0ad1d_2.tar.bz2#aa798d50ffd182a0f6f31478c7f434f6
https://conda.anaconda.org/conda-forge/win-64/cffi-1.14.6-py38hd8c33c5_0.tar.bz2#b78a087c5850187ecfe8574ca2bb2450
https://conda.anaconda.org/conda-forge/win-64/brotlipy-0.7.0-py38h294d835_1001.tar.bz2#2ee57645fb3b9e5388df213477e1300e
https://conda.anaconda.org/conda-forge/win-64/cryptography-3.4.7-py38hd7da0ea_0.tar.bz2#1679807c685824e4ad34fb4cad659668
https://conda.anaconda.org/conda-forge/noarch/pygments-2.9.0-pyhd8ed1ab_0.tar.bz2#a2d9bba43c9b80a42b0ccb9afd7223c2
https://conda.anaconda.org/conda-forge/noarch/pyopenssl-20.0.1-pyhd8ed1ab_0.tar.bz2#92371c25994d0f5d28a01c1fb75ebf86
https://conda.anaconda.org/conda-forge/noarch/pyparsing-2.4.7-pyh9f0ad1d_0.tar.bz2#626c4f20d5bf06dcec9cf2eaa31725c7
https://conda.anaconda.org/conda-forge/noarch/packaging-21.0-pyhd8ed1ab_0.tar.bz2#45cfb8e482b5cce8f07c87e0e19a592c
https://conda.anaconda.org/conda-forge/noarch/pytz-2021.1-pyhd8ed1ab_0.tar.bz2#3af2e9424d5eb0063824a3f9b850d411
https://conda.anaconda.org/conda-forge/noarch/babel-2.9.1-pyh44b312d_0.tar.bz2#74136ed39bfea0832d338df1e58d013e
https://conda.anaconda.org/conda-forge/noarch/requests-2.26.0-pyhd8ed1ab_0.tar.bz2#0ed2ccbde6db9dd5789068eb7194463f
https://conda.anaconda.org/conda-forge/noarch/ensureconda-1.4.1-pyhd8ed1ab_0.tar.bz2#52a7f7cc9076e2c8a25e15e19ad42821
https://conda.anaconda.org/conda-forge/noarch/send2trash-1.7.1-pyhd8ed1ab_0.tar.bz2#10c92e8e5c7ca439d11bec031ff17db3
https://conda.anaconda.org/conda-forge/noarch/shellingham-1.4.0-pyh44b312d_0.tar.bz2#437655338696f9d0dfdb0a024e66b255
https://conda.anaconda.org/conda-forge/noarch/six-1.16.0-pyh6c4a22f_0.tar.bz2#e5f25f8dbc060e9a8d912e432202afc2
https://conda.anaconda.org/conda-forge/win-64/argon2-cffi-20.1.0-py38h294d835_2.tar.bz2#2c84cff56efb8071cd3996453f8d05a2
https://conda.anaconda.org/conda-forge/win-64/click-completion-0.5.2-py38haa244fe_2.tar.bz2#a6d5cee5dd11a8be2628c9251f19fb82
https://conda.anaconda.org/conda-forge/win-64/websocket-client-0.57.0-py38haa244fe_4.tar.bz2#0589c9e6df19c11a592a6c6781da78ea
https://conda.anaconda.org/conda-forge/noarch/latexcodec-2.0.1-pyh9f0ad1d_0.tar.bz2#8d67904973263afd2985ba56aa2d6bb4
https://conda.anaconda.org/conda-forge/win-64/pybtex-0.24.0-py38haa244fe_0.tar.bz2#4ec0cceddc496007049c563b904fe1cb
https://conda.anaconda.org/conda-forge/win-64/pybtex-docutils-1.0.0-py38haa244fe_0.tar.bz2#d551262bbcb84ea0e4511595099fa107
https://conda.anaconda.org/conda-forge/noarch/python-dateutil-2.8.2-pyhd8ed1ab_0.tar.bz2#dd999d1cc9f79e67dbb855c8924c7984
https://conda.anaconda.org/conda-forge/noarch/ghp-import-2.0.1-pyhd8ed1ab_0.tar.bz2#28880d2d3753815624ace200085f5604
https://conda.anaconda.org/conda-forge/noarch/smmap-3.0.5-pyh44b312d_0.tar.bz2#3a8dc70789709aa315325d5df06fb7e4
https://conda.anaconda.org/conda-forge/noarch/gitdb-4.0.7-pyhd8ed1ab_0.tar.bz2#12977b4cc317a6ee2939aedcb09a4898
https://conda.anaconda.org/conda-forge/noarch/snowballstemmer-2.1.0-pyhd8ed1ab_0.tar.bz2#f1d64c0cf0eedf655a96ccdc1573c05a
https://conda.anaconda.org/conda-forge/noarch/soupsieve-2.0.1-py_1.tar.bz2#aa1db70848c19bace567ba39a157f508
https://conda.anaconda.org/conda-forge/noarch/beautifulsoup4-4.9.3-pyhb0f4dca_0.tar.bz2#d243a293d7303ab6195d96ce8c16b1cb
https://conda.anaconda.org/conda-forge/noarch/sphinxcontrib-applehelp-1.0.2-py_0.tar.bz2#20b2eaeaeea4ef9a9a0d99770620fd09
https://conda.anaconda.org/conda-forge/noarch/sphinxcontrib-devhelp-1.0.2-py_0.tar.bz2#68e01cac9d38d0e717cd5c87bc3d2cc9
https://conda.anaconda.org/conda-forge/noarch/sphinxcontrib-htmlhelp-2.0.0-pyhd8ed1ab_0.tar.bz2#77dad82eb9c8c1525ff7953e0756d708
https://conda.anaconda.org/conda-forge/noarch/sphinxcontrib-jsmath-1.0.1-py_0.tar.bz2#67cd9d9c0382d37479b4d306c369a2d4
https://conda.anaconda.org/conda-forge/noarch/sphinxcontrib-qthelp-1.0.3-py_0.tar.bz2#d01180388e6d1838c3e1ad029590aa7a
https://conda.anaconda.org/conda-forge/noarch/sphinxcontrib-serializinghtml-1.1.5-pyhd8ed1ab_0.tar.bz2#60e630285f44af05767dcb7f473ee03f
https://conda.anaconda.org/conda-forge/noarch/sphinx-3.5.4-pyh44b312d_0.tar.bz2#0ebc444f001f73c4f6de01057b0be392
https://conda.anaconda.org/conda-forge/noarch/pydata-sphinx-theme-0.6.3-pyhd8ed1ab_0.tar.bz2#a84900edc6e963d1cb448488bc06086b
https://conda.anaconda.org/conda-forge/noarch/sphinx-book-theme-0.1.1-pyhd8ed1ab_0.tar.bz2#688d86af5fc3a277da6b37abf8b4217f
https://conda.anaconda.org/conda-forge/noarch/sphinx-comments-0.0.3-pyh9f0ad1d_0.tar.bz2#2ae3ce35de0c1cec45c94182694f8d1b
https://conda.anaconda.org/conda-forge/noarch/sphinx-copybutton-0.4.0-pyhd8ed1ab_0.tar.bz2#80fd2cc25ad45911b4e42d5b91593e2f
https://conda.anaconda.org/conda-forge/noarch/sphinx-external-toc-0.2.2-pyhd8ed1ab_0.tar.bz2#a395bc6a35b28dbe9ff7111a1286c1c4
https://conda.anaconda.org/conda-forge/noarch/sphinx-multitoc-numbering-0.1.3-pyhd8ed1ab_0.tar.bz2#40749a4d0f0d2e11c65fb26c1cd16a90
https://conda.anaconda.org/conda-forge/noarch/sphinx-panels-0.5.2-pyhd3deb0d_0.tar.bz2#1a871a63c4be1bd47a7aa48b7417a426
https://conda.anaconda.org/conda-forge/noarch/sphinx-thebe-0.0.8-pyhd3deb0d_0.tar.bz2#b38bd0317b50ed986a4340b398a9ed72
https://conda.anaconda.org/conda-forge/noarch/sphinx-togglebutton-0.2.3-pyhd3deb0d_0.tar.bz2#3eb34ca58b3cb8df3c92371e79af9e12
https://conda.anaconda.org/conda-forge/noarch/sphinxcontrib-bibtex-2.2.1-pyhd8ed1ab_0.tar.bz2#927ecdc7ffaab15e45d908336ccc504c
https://conda.anaconda.org/conda-forge/noarch/testpath-0.5.0-pyhd8ed1ab_0.tar.bz2#53b57d6a468bebc7cef1253b177a5e9e
https://conda.anaconda.org/conda-forge/noarch/toml-0.10.2-pyhd8ed1ab_0.tar.bz2#f832c45a477c78bebd107098db465095
https://conda.anaconda.org/conda-forge/noarch/conda-lock-0.11.0-pyhd8ed1ab_0.tar.bz2#46795e954c5391a7b049e2d9f2a99407
https://conda.anaconda.org/conda-forge/noarch/tqdm-4.61.2-pyhd8ed1ab_1.tar.bz2#1e15833dccfc75d1474a68b6c06efea8
https://conda.anaconda.org/conda-forge/win-64/conda-package-handling-1.7.3-py38h31c79cd_0.tar.bz2#31699b26d238c23ada0f553f9924e35b
https://conda.anaconda.org/conda-forge/win-64/conda-4.10.3-py38haa244fe_0.tar.bz2#769776d64665d9b69a8b5cfe211e4b1e
https://conda.anaconda.org/conda-forge/win-64/mamba-0.15.2-py38hdd88130_0.tar.bz2#f474606424211e2f543ab5fa7d29cecf
https://conda.anaconda.org/conda-forge/noarch/traitlets-5.0.5-py_0.tar.bz2#99618ee9ab1323e40f231acdab92fe60
https://conda.anaconda.org/conda-forge/noarch/typing_extensions-3.10.0.0-pyha770c72_0.tar.bz2#67c0cba6533b641f28946d7c16f361c8
https://conda.anaconda.org/conda-forge/noarch/uc-micro-py-1.0.1-pyhd8ed1ab_0.tar.bz2#3ddf6684d9b274a12c94e509ca45656c
https://conda.anaconda.org/conda-forge/noarch/urllib3-1.26.6-pyhd8ed1ab_0.tar.bz2#dea5b6d93cfbfbc2a253168ad05b3f89
https://conda.anaconda.org/conda-forge/noarch/wcwidth-0.2.5-pyh9f0ad1d_2.tar.bz2#5266fcd697043c59621fda522b3d78ee
https://conda.anaconda.org/conda-forge/noarch/webencodings-0.5.1-py_1.tar.bz2#3563be4c5611a44210d9ba0c16113136
https://conda.anaconda.org/conda-forge/noarch/wheel-0.36.2-pyhd3deb0d_0.tar.bz2#768bfbe026426d0e76b377997d1f2b98
https://conda.anaconda.org/conda-forge/noarch/zipp-3.5.0-pyhd8ed1ab_0.tar.bz2#f9dd05a5ed6b81c91f097e3739107a74
https://conda.anaconda.org/conda-forge/noarch/bleach-3.3.1-pyhd8ed1ab_0.tar.bz2#41c16b233ae28fa75019842836b55254
https://conda.anaconda.org/conda-forge/noarch/gitpython-3.1.19-pyhd8ed1ab_0.tar.bz2#73fe389c1d689e3cbeb3e077dacd4d07
https://conda.anaconda.org/conda-forge/win-64/importlib-metadata-4.6.1-py38haa244fe_0.tar.bz2#0281b4e12313b97f3784009fd22942e4
https://conda.anaconda.org/conda-forge/noarch/importlib_resources-5.2.0-pyhd8ed1ab_0.tar.bz2#c7ad73d447abf2ca167aa365dd188d40
https://conda.anaconda.org/conda-forge/win-64/jupyter_core-4.7.1-py38haa244fe_0.tar.bz2#66305c568b9c5e6be7237208cdfd6fd5
https://conda.anaconda.org/conda-forge/noarch/linkify-it-py-1.0.1-pyhd8ed1ab_0.tar.bz2#ba62f26244ee9275094ed243228c6318
https://conda.anaconda.org/conda-forge/noarch/matplotlib-inline-0.1.2-pyhd8ed1ab_2.tar.bz2#0967e1db58b16e416464ca399f87df79
https://conda.anaconda.org/conda-forge/noarch/pip-21.1.3-pyhd8ed1ab_0.tar.bz2#231bd0af116f55ca4d17ea0869415fdf
https://conda.anaconda.org/conda-forge/noarch/prompt-toolkit-3.0.19-pyha770c72_0.tar.bz2#d6db5e598611b7e81a3d38498174e6e8
https://conda.anaconda.org/conda-forge/noarch/requests-unixsocket-0.2.0-py_0.tar.bz2#1e94a233d2f2c81b2bf11bd43a515fbe
https://conda.anaconda.org/conda-forge/win-64/ipython-7.25.0-py38h43734a8_1.tar.bz2#e239de9222e0551157130f19c59aae24
https://conda.anaconda.org/conda-forge/noarch/jsonschema-3.2.0-pyhd8ed1ab_3.tar.bz2#66125e28711d8ffc04a207a2b170316d
https://conda.anaconda.org/conda-forge/noarch/jupyter_client-6.1.12-pyhd8ed1ab_0.tar.bz2#f58b38ddb9f94fa3cafea4ba2b17f93b
https://conda.anaconda.org/conda-forge/win-64/ipykernel-6.0.3-py38h43734a8_0.tar.bz2#f4fd3ec13cbea4d45cbda09797d6024a
https://conda.anaconda.org/conda-forge/noarch/nbformat-5.1.3-pyhd8ed1ab_0.tar.bz2#bafa5df6d4f8db69a4d197b4657127e7
https://conda.anaconda.org/conda-forge/noarch/nbclient-0.5.3-pyhd8ed1ab_0.tar.bz2#67f12831640fde52fe9be1bbc6b699e7
https://conda.anaconda.org/conda-forge/win-64/nbconvert-5.6.1-py38h32f6830_1.tar.bz2#c3c7fb47e1852659c16abb8862e718e9
https://conda.anaconda.org/conda-forge/noarch/jupyter_server-1.10.1-pyhd8ed1ab_0.tar.bz2#2361ab7b9ab7b5b46fa224781fc51226
https://conda.anaconda.org/conda-forge/noarch/notebook-6.4.0-pyha770c72_0.tar.bz2#1edbf3ee7482e201e572db0211e17f30
https://conda.anaconda.org/conda-forge/noarch/jupyter-server-mathjax-0.2.3-pyhd8ed1ab_0.tar.bz2#2d0951b616bb3a172032ade395706f45
https://conda.anaconda.org/conda-forge/win-64/widgetsnbextension-3.5.1-py38haa244fe_4.tar.bz2#36985a09e5fcd85459c2ab647020c603
https://conda.anaconda.org/conda-forge/noarch/ipywidgets-7.6.3-pyhd3deb0d_0.tar.bz2#536a9ed6d9e740f2b83d1a3c388e4388
https://conda.anaconda.org/conda-forge/noarch/nbdime-3.1.0-pyhd8ed1ab_0.tar.bz2#01a2197677952bf94a26f8995f8703fe
https://conda.anaconda.org/conda-forge/noarch/jupyter-cache-0.4.2-pyhd8ed1ab_1.tar.bz2#88aa66dbeed9b7e7e33d6301bede0a3d
https://conda.anaconda.org/conda-forge/noarch/jupyter-sphinx-0.3.2-py_0.tar.bz2#9ae5148b076ddba22552ddb57a4c22ee
https://conda.anaconda.org/conda-forge/noarch/jupytext-1.10.3-pyh44b312d_0.tar.bz2#a4e5e73ca8096bdf426ba27a75712054
https://conda.anaconda.org/conda-forge/noarch/markdown-it-py-0.6.2-pyhd8ed1ab_0.tar.bz2#61d712a472b02ccd3ba3f45383d373a3
https://conda.anaconda.org/conda-forge/noarch/mdit-py-plugins-0.2.6-pyhd8ed1ab_0.tar.bz2#e9647b3958ae8a26958aeff582c2e78e
https://conda.anaconda.org/conda-forge/noarch/myst-parser-0.13.7-pyhd8ed1ab_0.tar.bz2#1ff522344de6c3e47fe9d919c98056ba
https://conda.anaconda.org/conda-forge/noarch/myst-nb-0.12.3-pyhd8ed1ab_0.tar.bz2#ebf571800ca804f56962fe00ddb5c73d
https://conda.anaconda.org/conda-forge/noarch/sphinx-jupyterbook-latex-0.4.2-pyhd8ed1ab_1.tar.bz2#9666501849d630b8e63eee54e9569c8d
https://conda.anaconda.org/conda-forge/noarch/jupyter-book-0.11.2-pyhd8ed1ab_0.tar.bz2#e0a7ab2246b9be060fb38a23d682deaa
