# platform: linux-64
# env_hash: 47e0277e3e860dccc0f6e2639ade7ae9953e661a203548e2631bff732a654505
@EXPLICIT
https://conda.anaconda.org/conda-forge/linux-64/_libgcc_mutex-0.1-conda_forge.tar.bz2#d7c89558ba9fa0495403155b64376d81
https://conda.anaconda.org/conda-forge/linux-64/ca-certificates-2020.12.5-ha878542_0.tar.bz2#7eb5d4ffeee663caa1635cd67071bc1b
https://conda.anaconda.org/conda-forge/linux-64/ld_impl_linux-64-2.35.1-hea4e1c9_2.tar.bz2#83610dba766a186bdc7a116053b782a4
https://conda.anaconda.org/conda-forge/linux-64/libstdcxx-ng-9.3.0-h6de172a_19.tar.bz2#cd9a24a8dde03ec0cf0e603b0bea85a1
https://conda.anaconda.org/conda-forge/linux-64/pandoc-2.12-h7f98852_0.tar.bz2#21d4ae04f0c60b1e1150ded8ac24b4c2
https://conda.anaconda.org/conda-forge/linux-64/libgomp-9.3.0-h2828fa1_19.tar.bz2#ab0a307912033126da02507b59e79ec9
https://conda.anaconda.org/conda-forge/linux-64/_openmp_mutex-4.5-1_gnu.tar.bz2#561e277319a41d4f24f5c05a9ef63c04
https://conda.anaconda.org/conda-forge/linux-64/libgcc-ng-9.3.0-h2828fa1_19.tar.bz2#9d5cdfc51476ee4dcdd96ed2dca3f943
https://conda.anaconda.org/conda-forge/linux-64/bzip2-1.0.8-h7f98852_4.tar.bz2#a1fd65c7ccbf10880423d82bca54eb54
https://conda.anaconda.org/conda-forge/linux-64/c-ares-1.17.1-h7f98852_1.tar.bz2#ed1dc233ed5e3eaa9bfbaac64d130c5e
https://conda.anaconda.org/conda-forge/linux-64/expat-2.3.0-h9c3ff4c_0.tar.bz2#1fb8f0254eb78a2a0c120155e1b1a207
https://conda.anaconda.org/conda-forge/linux-64/icu-68.1-h58526e2_0.tar.bz2#fc7a4271dc2a7f4fd78cd63695baf7c3
https://conda.anaconda.org/conda-forge/linux-64/libev-4.33-h516909a_1.tar.bz2#6f8720dff19e17ce5d48cfe7f3d2f0a3
https://conda.anaconda.org/conda-forge/linux-64/libffi-3.3-h58526e2_2.tar.bz2#665369991d8dd290ac5ee92fce3e6bf5
https://conda.anaconda.org/conda-forge/linux-64/libiconv-1.16-h516909a_0.tar.bz2#5c0f338a513a2943c659ae619fca9211
https://conda.anaconda.org/conda-forge/linux-64/libsodium-1.0.18-h36c2ea0_1.tar.bz2#c3788462a6fbddafdb413a9f9053e58d
https://conda.anaconda.org/conda-forge/linux-64/lz4-c-1.9.3-h9c3ff4c_0.tar.bz2#4eb64ee0d5cd43096ffcf843c76b05d4
https://conda.anaconda.org/conda-forge/linux-64/lzo-2.10-h516909a_1000.tar.bz2#bb14fcb13341b81d5eb386423b9d2bac
https://conda.anaconda.org/conda-forge/linux-64/ncurses-6.2-h58526e2_4.tar.bz2#509f2a21c4a09214cd737a480dfd80c9
https://conda.anaconda.org/conda-forge/linux-64/openssl-1.1.1k-h7f98852_0.tar.bz2#07fae2cb088379c8441e0f3ffa1f4025
https://conda.anaconda.org/conda-forge/linux-64/pcre-8.44-he1b5a44_0.tar.bz2#e647d89cd5cdf62760cf283a001841ff
https://conda.anaconda.org/conda-forge/linux-64/perl-5.32.0-h36c2ea0_0.tar.bz2#79bf76d543579f7644ff59e01ed482d4
https://conda.anaconda.org/conda-forge/linux-64/reproc-14.2.1-h36c2ea0_0.tar.bz2#72dc07a3b9641f9f530bf72e2c7a12b2
https://conda.anaconda.org/conda-forge/linux-64/xz-5.2.5-h516909a_1.tar.bz2#33f601066901f3e1a85af3522a8113f9
https://conda.anaconda.org/conda-forge/linux-64/yaml-0.2.5-h516909a_0.tar.bz2#03a530e925414902547cf48da7756db8
https://conda.anaconda.org/conda-forge/linux-64/zlib-1.2.11-h516909a_1010.tar.bz2#339cc5584e6d26bc73a875ba900028c3
https://conda.anaconda.org/conda-forge/linux-64/gettext-0.19.8.1-h0b5b191_1005.tar.bz2#ff6f69b593a9e74c0e6b61908ac513fa
https://conda.anaconda.org/conda-forge/linux-64/libedit-3.1.20191231-he28a2e2_2.tar.bz2#4d331e44109e3f0e19b4cb8f9b82f3e1
https://conda.anaconda.org/conda-forge/linux-64/libnghttp2-1.43.0-h812cca2_0.tar.bz2#1867d1e9658596b3fac8847a7702eef4
https://conda.anaconda.org/conda-forge/linux-64/libsolv-0.7.18-h780b84a_0.tar.bz2#bb6b5a43da98a272a16f739611d56138
https://conda.anaconda.org/conda-forge/linux-64/libssh2-1.9.0-ha56f1ee_6.tar.bz2#f0dfb86444df325e599dbc3f4c0a3f5b
https://conda.anaconda.org/conda-forge/linux-64/libxml2-2.9.10-h72842e0_4.tar.bz2#48577b6e1605c935d7178f6694506ee9
https://conda.anaconda.org/conda-forge/linux-64/readline-8.1-h46c0cb4_0.tar.bz2#5788de3c8d7a7d64ac56c784c4ef48e6
https://conda.anaconda.org/conda-forge/linux-64/reproc-cpp-14.2.1-h58526e2_0.tar.bz2#d1d5d63dafc7b2e484d02823606db5d9
https://conda.anaconda.org/conda-forge/linux-64/tk-8.6.10-h21135ba_1.tar.bz2#c647f70aa7e3d4cc4e029cc1c9a99953
https://conda.anaconda.org/conda-forge/linux-64/zeromq-4.3.4-h9c3ff4c_0.tar.bz2#9105c7da67ebfb39ff08e2a8ea72bb71
https://conda.anaconda.org/conda-forge/linux-64/zstd-1.4.9-ha95c52a_0.tar.bz2#b481dc9fda3af2a681d08a4d5cd1ea0b
https://conda.anaconda.org/conda-forge/linux-64/krb5-1.17.2-h926e7f8_0.tar.bz2#926325c11478d6e781e76072c117763b
https://conda.anaconda.org/conda-forge/linux-64/libarchive-3.5.1-h3f442fb_1.tar.bz2#1579ccb4f14593e95627bcdb29af953a
https://conda.anaconda.org/conda-forge/linux-64/sqlite-3.35.5-h74cdb3f_0.tar.bz2#e876c82c21e7074d299e13762d02466c
https://conda.anaconda.org/conda-forge/linux-64/libcurl-7.76.1-hc4aaa36_1.tar.bz2#349a288d04af695b639e5f947df3c2d0
https://conda.anaconda.org/conda-forge/linux-64/python-3.8.10-h49503c6_1_cpython.tar.bz2#69f7d6ef1f00c3a109b1b06279e6d6a9
https://conda.anaconda.org/conda-forge/noarch/alabaster-0.7.12-py_0.tar.bz2#2489a97287f90176ecdc3ca982b4b0a0
https://conda.anaconda.org/conda-forge/noarch/appdirs-1.4.4-pyh9f0ad1d_0.tar.bz2#5f095bc6454094e96f146491fd03633b
https://conda.anaconda.org/conda-forge/noarch/async_generator-1.10-py_0.tar.bz2#d56c596e61b1c4952acf0a9920856c12
https://conda.anaconda.org/conda-forge/noarch/attrs-20.3.0-pyhd3deb0d_0.tar.bz2#5b319abb055eefcfa344bc21378ca23f
https://conda.anaconda.org/conda-forge/noarch/backcall-0.2.0-pyh9f0ad1d_0.tar.bz2#6006a6d08a3fa99268a2681c7fb55213
https://conda.anaconda.org/conda-forge/noarch/backports-1.0-py_2.tar.bz2#0da16b293affa6ac31812376f8eb79dd
https://conda.anaconda.org/conda-forge/noarch/click-7.1.2-pyh9f0ad1d_0.tar.bz2#bd50a970ce07e660c319fdc4d730d3f1
https://conda.anaconda.org/conda-forge/noarch/colorama-0.4.4-pyh9f0ad1d_0.tar.bz2#c08b4c1326b880ed44f3ffb04803332f
https://conda.anaconda.org/conda-forge/linux-64/curl-7.76.1-h979ede3_1.tar.bz2#28e9133d2ad9ba3081e52548ea20c870
https://conda.anaconda.org/conda-forge/noarch/decorator-5.0.7-pyhd8ed1ab_0.tar.bz2#328caef9e939b22c3d00392286e0cd85
https://conda.anaconda.org/conda-forge/noarch/defusedxml-0.7.1-pyhd8ed1ab_0.tar.bz2#961b3a227b437d82ad7054484cfa71b2
https://conda.anaconda.org/conda-forge/noarch/entrypoints-0.3-pyhd8ed1ab_1003.tar.bz2#bbf9a201f6ce99a506f4955374d9a9f4
https://conda.anaconda.org/conda-forge/noarch/filelock-3.0.12-pyh9f0ad1d_0.tar.bz2#7544ed05bbbe9bb687bc9bcbe4d6cb46
https://conda.anaconda.org/conda-forge/noarch/idna-2.10-pyh9f0ad1d_0.tar.bz2#f95a12b4f435aae6680fe55ae2eb1b06
https://conda.anaconda.org/conda-forge/noarch/imagesize-1.2.0-py_0.tar.bz2#5879bd2c4b399a5072468e5fe587bf1b
https://conda.anaconda.org/conda-forge/noarch/ipython_genutils-0.2.0-py_1.tar.bz2#5071c982548b3a20caf70462f04f5287
https://conda.anaconda.org/conda-forge/noarch/jupyterlab_widgets-1.0.0-pyhd8ed1ab_1.tar.bz2#f8da92114c8fbe1d951b0efaf54dd14b
https://conda.anaconda.org/conda-forge/noarch/nest-asyncio-1.5.1-pyhd8ed1ab_0.tar.bz2#47a51a5b8f9cc41004c8d7bd88b62447
https://conda.anaconda.org/conda-forge/noarch/pandocfilters-1.4.2-py_1.tar.bz2#ba6f4a308f1ea22abe1d72e72544af76
https://conda.anaconda.org/conda-forge/noarch/parso-0.8.2-pyhd8ed1ab_0.tar.bz2#fb40b157bd62b457a1cc82527b63f0b0
https://conda.anaconda.org/conda-forge/noarch/pickleshare-0.7.5-py_1003.tar.bz2#415f0ebb6198cc2801c73438a9fb5761
https://conda.anaconda.org/conda-forge/noarch/prometheus_client-0.10.1-pyhd8ed1ab_0.tar.bz2#088ca4c07d7b346a2a099b3685a0e992
https://conda.anaconda.org/conda-forge/noarch/ptyprocess-0.7.0-pyhd3deb0d_0.tar.bz2#359eeb6536da0e687af562ed265ec263
https://conda.anaconda.org/conda-forge/noarch/pycparser-2.20-pyh9f0ad1d_2.tar.bz2#aa798d50ffd182a0f6f31478c7f434f6
https://conda.anaconda.org/conda-forge/noarch/pyparsing-2.4.7-pyh9f0ad1d_0.tar.bz2#626c4f20d5bf06dcec9cf2eaa31725c7
https://conda.anaconda.org/conda-forge/linux-64/python_abi-3.8-1_cp38.tar.bz2#8d05152d6fb3012b27a0e6fbcc14bea1
https://conda.anaconda.org/conda-forge/noarch/pytz-2021.1-pyhd8ed1ab_0.tar.bz2#3af2e9424d5eb0063824a3f9b850d411
https://conda.anaconda.org/conda-forge/noarch/send2trash-1.5.0-py_0.tar.bz2#c3779037a635e1150f1c53c28b875949
https://conda.anaconda.org/conda-forge/noarch/shellingham-1.4.0-pyh44b312d_0.tar.bz2#437655338696f9d0dfdb0a024e66b255
https://conda.anaconda.org/conda-forge/noarch/six-1.16.0-pyh6c4a22f_0.tar.bz2#e5f25f8dbc060e9a8d912e432202afc2
https://conda.anaconda.org/conda-forge/noarch/smmap-3.0.5-pyh44b312d_0.tar.bz2#3a8dc70789709aa315325d5df06fb7e4
https://conda.anaconda.org/conda-forge/noarch/snowballstemmer-2.1.0-pyhd8ed1ab_0.tar.bz2#f1d64c0cf0eedf655a96ccdc1573c05a
https://conda.anaconda.org/conda-forge/noarch/soupsieve-2.0.1-py_1.tar.bz2#aa1db70848c19bace567ba39a157f508
https://conda.anaconda.org/conda-forge/noarch/sphinxcontrib-applehelp-1.0.2-py_0.tar.bz2#20b2eaeaeea4ef9a9a0d99770620fd09
https://conda.anaconda.org/conda-forge/noarch/sphinxcontrib-devhelp-1.0.2-py_0.tar.bz2#68e01cac9d38d0e717cd5c87bc3d2cc9
https://conda.anaconda.org/conda-forge/noarch/sphinxcontrib-htmlhelp-1.0.3-py_0.tar.bz2#4508a40465ebf0105e52f7194f299411
https://conda.anaconda.org/conda-forge/noarch/sphinxcontrib-jsmath-1.0.1-py_0.tar.bz2#67cd9d9c0382d37479b4d306c369a2d4
https://conda.anaconda.org/conda-forge/noarch/sphinxcontrib-qthelp-1.0.3-py_0.tar.bz2#d01180388e6d1838c3e1ad029590aa7a
https://conda.anaconda.org/conda-forge/noarch/sphinxcontrib-serializinghtml-1.1.4-py_0.tar.bz2#8ea6a8036e28dba8827d35c764709358
https://conda.anaconda.org/conda-forge/noarch/testpath-0.4.4-py_0.tar.bz2#3b98fff4d5342bebde2ecaa314f796f9
https://conda.anaconda.org/conda-forge/noarch/toml-0.10.2-pyhd8ed1ab_0.tar.bz2#f832c45a477c78bebd107098db465095
https://conda.anaconda.org/conda-forge/noarch/tqdm-4.60.0-pyhd8ed1ab_0.tar.bz2#d4d22fcd50ccf1925fe59efd36ba4358
https://conda.anaconda.org/conda-forge/noarch/typing_extensions-3.7.4.3-py_0.tar.bz2#12b96e382730541a4b332420227055ae
https://conda.anaconda.org/conda-forge/noarch/uc-micro-py-1.0.1-pyhd8ed1ab_0.tar.bz2#3ddf6684d9b274a12c94e509ca45656c
https://conda.anaconda.org/conda-forge/noarch/webencodings-0.5.1-py_1.tar.bz2#3563be4c5611a44210d9ba0c16113136
https://conda.anaconda.org/conda-forge/noarch/wheel-0.36.2-pyhd3deb0d_0.tar.bz2#768bfbe026426d0e76b377997d1f2b98
https://conda.anaconda.org/conda-forge/noarch/zipp-3.4.1-pyhd8ed1ab_0.tar.bz2#a4fa30eb74a326092b3d8078b1f1aae1
https://conda.anaconda.org/conda-forge/noarch/babel-2.9.1-pyh44b312d_0.tar.bz2#74136ed39bfea0832d338df1e58d013e
https://conda.anaconda.org/conda-forge/noarch/beautifulsoup4-4.9.3-pyhb0f4dca_0.tar.bz2#d243a293d7303ab6195d96ce8c16b1cb
https://conda.anaconda.org/conda-forge/linux-64/certifi-2020.12.5-py38h578d9bd_1.tar.bz2#be470d89b0678991fd4ba67d4a35bc80
https://conda.anaconda.org/conda-forge/linux-64/cffi-1.14.5-py38ha65f79e_0.tar.bz2#386057f231a571b75bfa7307c9acd5f6
https://conda.anaconda.org/conda-forge/linux-64/chardet-4.0.0-py38h578d9bd_1.tar.bz2#9294a5e2c7545a2f67ac348aadd53344
https://conda.anaconda.org/conda-forge/noarch/click-default-group-1.2.2-pyhd8ed1ab_1.tar.bz2#72a46ffc25701c173932fd55cf0965d3
https://conda.anaconda.org/conda-forge/noarch/click-log-0.3.2-pyh9f0ad1d_0.tar.bz2#3a64d156136fad977df1b81a24b57ac0
https://conda.anaconda.org/conda-forge/linux-64/conda-package-handling-1.7.3-py38h497a2fe_0.tar.bz2#ccaf20b1f554b6fc872df35f5efe119b
https://conda.anaconda.org/conda-forge/linux-64/docutils-0.16-py38h578d9bd_3.tar.bz2#a7866449fb9e5e4008a02df276549d34
https://conda.anaconda.org/conda-forge/linux-64/git-2.30.2-pl5320h24fefe6_1.tar.bz2#6ec4d1dc996e33eee896d7d60f542880
https://conda.anaconda.org/conda-forge/noarch/gitdb-4.0.7-pyhd8ed1ab_0.tar.bz2#12977b4cc317a6ee2939aedcb09a4898
https://conda.anaconda.org/conda-forge/linux-64/importlib-metadata-4.0.1-py38h578d9bd_0.tar.bz2#df6fae32b464e9fb5010c4784ce2efb0
https://conda.anaconda.org/conda-forge/linux-64/jedi-0.18.0-py38h578d9bd_2.tar.bz2#6911600fda608a76bcb58e562457c696
https://conda.anaconda.org/conda-forge/noarch/latexcodec-2.0.1-pyh9f0ad1d_0.tar.bz2#8d67904973263afd2985ba56aa2d6bb4
https://conda.anaconda.org/conda-forge/noarch/linkify-it-py-1.0.1-pyhd8ed1ab_0.tar.bz2#ba62f26244ee9275094ed243228c6318
https://conda.anaconda.org/conda-forge/linux-64/markupsafe-1.1.1-py38h497a2fe_3.tar.bz2#d51cdb48d2792a63174c0ee66a602e7e
https://conda.anaconda.org/conda-forge/linux-64/mistune-0.8.4-py38h497a2fe_1003.tar.bz2#8faa27abe54325865c8082bd3d37b7cd
https://conda.anaconda.org/conda-forge/noarch/nested-lookup-0.2.22-pyhd8ed1ab_0.tar.bz2#1efbea46aaa76d66efdbcb42e949b594
https://conda.anaconda.org/conda-forge/noarch/packaging-20.9-pyh44b312d_0.tar.bz2#be69a38e912054a62dc82cc3c7711a64
https://conda.anaconda.org/conda-forge/noarch/pexpect-4.8.0-pyh9f0ad1d_2.tar.bz2#5909e7b978141dd80d28dbf9de627827
https://conda.anaconda.org/conda-forge/linux-64/pycosat-0.6.3-py38h497a2fe_1006.tar.bz2#b4cf0e6f44165cb38e5ce3cdd5657dc3
https://conda.anaconda.org/conda-forge/linux-64/pyrsistent-0.17.3-py38h497a2fe_2.tar.bz2#239e9357764e43276e8e80e65535b46f
https://conda.anaconda.org/conda-forge/linux-64/pysocks-1.7.1-py38h578d9bd_3.tar.bz2#8284bab4783fd6fdd11b695958945614
https://conda.anaconda.org/conda-forge/noarch/python-dateutil-2.8.1-py_0.tar.bz2#0d0150ed9c2d25817f5324108d3f7571
https://conda.anaconda.org/conda-forge/linux-64/pyyaml-5.4.1-py38h497a2fe_0.tar.bz2#36d6e06148013694eb943576cd305f67
https://conda.anaconda.org/conda-forge/linux-64/pyzmq-22.0.3-py38h2035c66_1.tar.bz2#cb624b5ab0fee319a6b97a94850130e5
https://conda.anaconda.org/conda-forge/linux-64/ruamel_yaml-0.15.80-py38h497a2fe_1004.tar.bz2#cf14fdb3aa84abf63e22491ae624ea74
https://conda.anaconda.org/conda-forge/linux-64/sqlalchemy-1.3.23-py38h497a2fe_0.tar.bz2#b717f380297da4ac057f543b3f373a72
https://conda.anaconda.org/conda-forge/linux-64/tornado-6.1-py38h497a2fe_1.tar.bz2#e772c8383768280af283e814e2126663
https://conda.anaconda.org/conda-forge/noarch/traitlets-5.0.5-py_0.tar.bz2#99618ee9ab1323e40f231acdab92fe60
https://conda.anaconda.org/conda-forge/linux-64/anyio-2.2.0-py38h578d9bd_0.tar.bz2#8c1552d357e82fb15ec7e017e7f74cc7
https://conda.anaconda.org/conda-forge/linux-64/argon2-cffi-20.1.0-py38h497a2fe_2.tar.bz2#254bc9d931e9891ce1068eb0335700c1
https://conda.anaconda.org/conda-forge/linux-64/brotlipy-0.7.0-py38h497a2fe_1001.tar.bz2#56753dd777a6517b34966ddcb39af734
https://conda.anaconda.org/conda-forge/linux-64/cryptography-3.4.7-py38ha5dfef3_0.tar.bz2#a8b014aba670157256dabdc885f71af4
https://conda.anaconda.org/conda-forge/noarch/ghp-import-1.1.0-pyhd8ed1ab_0.tar.bz2#0915a60ca31a532bb35809791d24eb26
https://conda.anaconda.org/conda-forge/noarch/gitpython-3.1.15-pyhd8ed1ab_0.tar.bz2#e39229fa68a46674e21f90904973b7f5
https://conda.anaconda.org/conda-forge/linux-64/jupyter_core-4.7.1-py38h578d9bd_0.tar.bz2#3a30e19c8b7b5673fe98d92979757561
https://conda.anaconda.org/conda-forge/noarch/matplotlib-inline-0.1.2-pyhd8ed1ab_2.tar.bz2#0967e1db58b16e416464ca399f87df79
https://conda.anaconda.org/conda-forge/linux-64/setuptools-49.6.0-py38h578d9bd_3.tar.bz2#59c561cd1be0db9cf1c83f7d7cc74f4d
https://conda.anaconda.org/conda-forge/linux-64/terminado-0.9.4-py38h578d9bd_0.tar.bz2#bc644cbe521455667e0f0690147dbe48
https://conda.anaconda.org/conda-forge/noarch/backports.functools_lru_cache-1.6.4-pyhd8ed1ab_0.tar.bz2#c5b3edc62d6309088f4970b3eaaa65a6
https://conda.anaconda.org/conda-forge/noarch/bleach-3.3.0-pyh44b312d_0.tar.bz2#abf6b76c39358ca36ca706c46f054f2a
https://conda.anaconda.org/conda-forge/noarch/jinja2-2.11.3-pyh44b312d_0.tar.bz2#1d4c3605d85a3655b1595e0694138eb6
https://conda.anaconda.org/conda-forge/noarch/jsonschema-3.2.0-pyhd8ed1ab_3.tar.bz2#66125e28711d8ffc04a207a2b170316d
https://conda.anaconda.org/conda-forge/noarch/jupyter_client-6.1.12-pyhd8ed1ab_0.tar.bz2#f58b38ddb9f94fa3cafea4ba2b17f93b
https://conda.anaconda.org/conda-forge/noarch/pip-21.1.1-pyhd8ed1ab_0.tar.bz2#e0bad1330c3575222d221e7679a36a0a
https://conda.anaconda.org/conda-forge/linux-64/pybtex-0.24.0-py38h578d9bd_0.tar.bz2#2159f8c7de1dfbdd13aef658cb248a64
https://conda.anaconda.org/conda-forge/noarch/pygments-2.9.0-pyhd8ed1ab_0.tar.bz2#a2d9bba43c9b80a42b0ccb9afd7223c2
https://conda.anaconda.org/conda-forge/noarch/pyopenssl-20.0.1-pyhd8ed1ab_0.tar.bz2#92371c25994d0f5d28a01c1fb75ebf86
https://conda.anaconda.org/conda-forge/linux-64/click-completion-0.5.2-py38h578d9bd_2.tar.bz2#b269ceb6e8fe611078938840b2bd25bc
https://conda.anaconda.org/conda-forge/noarch/nbformat-5.1.3-pyhd8ed1ab_0.tar.bz2#bafa5df6d4f8db69a4d197b4657127e7
https://conda.anaconda.org/conda-forge/linux-64/pybtex-docutils-1.0.0-py38h578d9bd_0.tar.bz2#73df4551f4ccef9567443c3eefeb99d6
https://conda.anaconda.org/conda-forge/noarch/urllib3-1.26.4-pyhd8ed1ab_0.tar.bz2#d7b20b328e23d993994ea02077c009c0
https://conda.anaconda.org/conda-forge/noarch/wcwidth-0.2.5-pyh9f0ad1d_2.tar.bz2#5266fcd697043c59621fda522b3d78ee
https://conda.anaconda.org/conda-forge/noarch/nbclient-0.5.3-pyhd8ed1ab_0.tar.bz2#67f12831640fde52fe9be1bbc6b699e7
https://conda.anaconda.org/conda-forge/linux-64/nbconvert-5.6.1-py38h32f6830_1.tar.bz2#56f7528840b643b22811b5861cab494a
https://conda.anaconda.org/conda-forge/noarch/prompt-toolkit-3.0.18-pyha770c72_0.tar.bz2#aa44d0f71016061e83df1126764acdb7
https://conda.anaconda.org/conda-forge/noarch/requests-2.25.1-pyhd3deb0d_0.tar.bz2#ae687aba31a1c400192a86a2e993ffdc
https://conda.anaconda.org/conda-forge/linux-64/conda-4.10.1-py38h578d9bd_0.tar.bz2#9f5ffcd97c1978b05d7687c876c579ea
https://conda.anaconda.org/conda-forge/noarch/ensureconda-1.4.1-pyhd8ed1ab_0.tar.bz2#52a7f7cc9076e2c8a25e15e19ad42821
https://conda.anaconda.org/conda-forge/linux-64/ipython-7.23.1-py38hd0cf306_0.tar.bz2#1070d517795d1a4446442650df2a1fde
https://conda.anaconda.org/conda-forge/noarch/sphinx-3.5.4-pyh44b312d_0.tar.bz2#0ebc444f001f73c4f6de01057b0be392
https://conda.anaconda.org/conda-forge/noarch/conda-lock-0.9.1-pyhd8ed1ab_0.tar.bz2#c918c8071db1665663a46371b0a46620
https://conda.anaconda.org/conda-forge/linux-64/ipykernel-5.5.4-py38hd0cf306_0.tar.bz2#581a006379903cb2a113c1620f939ca9
https://conda.anaconda.org/conda-forge/linux-64/mamba-0.12.2-py38h2aa5da1_0.tar.bz2#0ce7b11903cda3d2a8e5def077e16647
https://conda.anaconda.org/conda-forge/noarch/pydata-sphinx-theme-0.4.3-pyhd8ed1ab_0.tar.bz2#6b244842d35eb2c8f85a757cbb17947a
https://conda.anaconda.org/conda-forge/noarch/sphinx-comments-0.0.3-pyh9f0ad1d_0.tar.bz2#2ae3ce35de0c1cec45c94182694f8d1b
https://conda.anaconda.org/conda-forge/noarch/sphinx-copybutton-0.3.1-pyhd8ed1ab_0.tar.bz2#decad13214a2a545944560eccf4a9815
https://conda.anaconda.org/conda-forge/noarch/sphinx-panels-0.5.2-pyhd3deb0d_0.tar.bz2#1a871a63c4be1bd47a7aa48b7417a426
https://conda.anaconda.org/conda-forge/noarch/sphinx-thebe-0.0.8-pyhd3deb0d_0.tar.bz2#b38bd0317b50ed986a4340b398a9ed72
https://conda.anaconda.org/conda-forge/noarch/sphinx-togglebutton-0.2.3-pyhd3deb0d_0.tar.bz2#3eb34ca58b3cb8df3c92371e79af9e12
https://conda.anaconda.org/conda-forge/noarch/sphinxcontrib-bibtex-2.1.4-pyhd8ed1ab_0.tar.bz2#8d1efbbecae1a014af744fe7765654c3
https://conda.anaconda.org/conda-forge/noarch/notebook-6.3.0-pyha770c72_1.tar.bz2#6a53111a5a62d32abfa21aac8fc55a1b
https://conda.anaconda.org/conda-forge/noarch/sphinx-book-theme-0.0.41-pyhd8ed1ab_0.tar.bz2#8848404afec0f9986c7e049d646083cb
https://conda.anaconda.org/conda-forge/noarch/nbdime-2.1.0-py_0.tar.bz2#f67fc83a532d286706aef7f9ec2a1739
https://conda.anaconda.org/conda-forge/linux-64/widgetsnbextension-3.5.1-py38h578d9bd_4.tar.bz2#beb8a105545382ba138c81c926289b5b
https://conda.anaconda.org/conda-forge/noarch/ipywidgets-7.6.3-pyhd3deb0d_0.tar.bz2#536a9ed6d9e740f2b83d1a3c388e4388
https://conda.anaconda.org/conda-forge/noarch/jupyter-cache-0.4.2-pyhd8ed1ab_1.tar.bz2#88aa66dbeed9b7e7e33d6301bede0a3d
https://conda.anaconda.org/conda-forge/noarch/jupyter-sphinx-0.3.2-py_0.tar.bz2#9ae5148b076ddba22552ddb57a4c22ee
https://conda.anaconda.org/conda-forge/noarch/jupyterbook-latex-0.2.0-pyhd8ed1ab_0.tar.bz2#e0436a16598d47095a204b7e5b697e76
https://conda.anaconda.org/conda-forge/noarch/jupytext-1.10.3-pyh44b312d_0.tar.bz2#a4e5e73ca8096bdf426ba27a75712054
https://conda.anaconda.org/conda-forge/noarch/jupyter-book-0.10.2-pyhd8ed1ab_0.tar.bz2#89864b4c964ea8ae6e378bc2ee193bc8
https://conda.anaconda.org/conda-forge/noarch/markdown-it-py-0.6.2-pyhd8ed1ab_0.tar.bz2#61d712a472b02ccd3ba3f45383d373a3
https://conda.anaconda.org/conda-forge/noarch/mdit-py-plugins-0.2.6-pyhd8ed1ab_0.tar.bz2#e9647b3958ae8a26958aeff582c2e78e
https://conda.anaconda.org/conda-forge/noarch/myst-parser-0.13.7-pyhd8ed1ab_0.tar.bz2#1ff522344de6c3e47fe9d919c98056ba
https://conda.anaconda.org/conda-forge/noarch/myst-nb-0.12.3-pyhd8ed1ab_0.tar.bz2#ebf571800ca804f56962fe00ddb5c73d
