# platform: win-64
# env_hash: 5d4fcba5dd094c30914cbc8b1758b1ea6e39236dd616850cc4f532c27a7b597b
@EXPLICIT
https://conda.anaconda.org/conda-forge/win-64/git-2.30.2-h57928b3_1.tar.bz2#93ba948d1accba14e23b550e968f3d63
https://conda.anaconda.org/conda-forge/win-64/ca-certificates-2020.12.5-h5b45459_0.tar.bz2#f36a2988a9f57cffdc43929ba67a3a2a
https://conda.anaconda.org/conda-forge/win-64/pandoc-2.13-h8ffe710_0.tar.bz2#61005d2dab3dc58a1c99e997a16896bf
https://conda.anaconda.org/conda-forge/win-64/vs2015_runtime-14.28.29325-h5e1d092_4.tar.bz2#e89bf06003c46c09ee8628eb76aa9520
https://conda.anaconda.org/conda-forge/win-64/winpty-0.4.3-4.tar.bz2#1cee351bf20b830d991dbe0bc8cd7dfe
https://conda.anaconda.org/conda-forge/win-64/vc-14.2-hb210afc_4.tar.bz2#45ddc2c65ad6c200120db1a682803462
https://conda.anaconda.org/conda-forge/win-64/bzip2-1.0.8-h8ffe710_4.tar.bz2#7c03c66026944073040cb19a4f3ec3c9
https://conda.anaconda.org/conda-forge/win-64/libiconv-1.16-he774522_0.tar.bz2#bdfeadc9348e4d9fbe4821e81bf8f221
https://conda.anaconda.org/conda-forge/win-64/libsodium-1.0.18-h8d14728_1.tar.bz2#5c1fb45b5e2912c19098750ae8a32604
https://conda.anaconda.org/conda-forge/win-64/lz4-c-1.9.3-h8ffe710_0.tar.bz2#5c9a617ed4fbd41f8c564fab236dda60
https://conda.anaconda.org/conda-forge/win-64/lzo-2.10-he774522_1000.tar.bz2#d5cf4b7eaa52316f135eed9e8548ad57
https://conda.anaconda.org/conda-forge/win-64/openssl-1.1.1k-h8ffe710_0.tar.bz2#e94dbe6f21cc34fa9cc3cf26cd42466a
https://conda.anaconda.org/conda-forge/win-64/reproc-14.2.1-h8ffe710_0.tar.bz2#8fdd355ebf4593385112b247a83f5806
https://conda.anaconda.org/conda-forge/win-64/sqlite-3.35.5-h8ffe710_0.tar.bz2#8713caaaabd90ef2a1b0057fe90625ad
https://conda.anaconda.org/conda-forge/win-64/tk-8.6.10-h8ffe710_1.tar.bz2#0796b4624ee7797fca7819459a79c6e6
https://conda.anaconda.org/conda-forge/win-64/xz-5.2.5-h62dcd97_1.tar.bz2#eabcbfedd14d7c18a514afca09ea0ebb
https://conda.anaconda.org/conda-forge/win-64/yaml-0.2.5-he774522_0.tar.bz2#d41c34441d8bbb6d141e691ae7bccf35
https://conda.anaconda.org/conda-forge/win-64/zlib-1.2.11-h62dcd97_1010.tar.bz2#a4cdf389c5f73e60a0ca121ff77c22a9
https://conda.anaconda.org/conda-forge/win-64/krb5-1.17.2-hbae68bd_0.tar.bz2#36781bd85367e21cda881c9a5212ea9c
https://conda.anaconda.org/conda-forge/win-64/libsolv-0.7.18-h7755175_0.tar.bz2#f623ae3aeb43d6c1427ee2f444525b7a
https://conda.anaconda.org/conda-forge/win-64/libssh2-1.9.0-h680486a_6.tar.bz2#4633dc7f3ab2692be68952ded790dd16
https://conda.anaconda.org/conda-forge/win-64/libxml2-2.9.10-hf5bbc77_4.tar.bz2#b66df1e9b0d4e6976141b6e3b0b1a9d5
https://conda.anaconda.org/conda-forge/win-64/python-3.8.10-h7840368_1_cpython.tar.bz2#a4057b16c7db9c862530802b5e357dbc
https://conda.anaconda.org/conda-forge/win-64/reproc-cpp-14.2.1-h0e60522_0.tar.bz2#225f0c12c0bb4f118be96b1766466347
https://conda.anaconda.org/conda-forge/win-64/zeromq-4.3.4-h0e60522_0.tar.bz2#e9004ac5d24937850e9edff978c7e515
https://conda.anaconda.org/conda-forge/win-64/zstd-1.4.9-h6255e5f_0.tar.bz2#f90b3cf10fd4528f52a681f0337b4889
https://conda.anaconda.org/conda-forge/noarch/alabaster-0.7.12-py_0.tar.bz2#2489a97287f90176ecdc3ca982b4b0a0
https://conda.anaconda.org/conda-forge/noarch/appdirs-1.4.4-pyh9f0ad1d_0.tar.bz2#5f095bc6454094e96f146491fd03633b
https://conda.anaconda.org/conda-forge/noarch/async_generator-1.10-py_0.tar.bz2#d56c596e61b1c4952acf0a9920856c12
https://conda.anaconda.org/conda-forge/noarch/attrs-20.3.0-pyhd3deb0d_0.tar.bz2#5b319abb055eefcfa344bc21378ca23f
https://conda.anaconda.org/conda-forge/noarch/backcall-0.2.0-pyh9f0ad1d_0.tar.bz2#6006a6d08a3fa99268a2681c7fb55213
https://conda.anaconda.org/conda-forge/noarch/backports-1.0-py_2.tar.bz2#0da16b293affa6ac31812376f8eb79dd
https://conda.anaconda.org/conda-forge/noarch/click-7.1.2-pyh9f0ad1d_0.tar.bz2#bd50a970ce07e660c319fdc4d730d3f1
https://conda.anaconda.org/conda-forge/noarch/colorama-0.4.4-pyh9f0ad1d_0.tar.bz2#c08b4c1326b880ed44f3ffb04803332f
https://conda.anaconda.org/conda-forge/noarch/decorator-5.0.7-pyhd8ed1ab_0.tar.bz2#328caef9e939b22c3d00392286e0cd85
https://conda.anaconda.org/conda-forge/noarch/defusedxml-0.7.1-pyhd8ed1ab_0.tar.bz2#961b3a227b437d82ad7054484cfa71b2
https://conda.anaconda.org/conda-forge/noarch/entrypoints-0.3-pyhd8ed1ab_1003.tar.bz2#bbf9a201f6ce99a506f4955374d9a9f4
https://conda.anaconda.org/conda-forge/noarch/filelock-3.0.12-pyh9f0ad1d_0.tar.bz2#7544ed05bbbe9bb687bc9bcbe4d6cb46
https://conda.anaconda.org/conda-forge/noarch/idna-2.10-pyh9f0ad1d_0.tar.bz2#f95a12b4f435aae6680fe55ae2eb1b06
https://conda.anaconda.org/conda-forge/noarch/imagesize-1.2.0-py_0.tar.bz2#5879bd2c4b399a5072468e5fe587bf1b
https://conda.anaconda.org/conda-forge/noarch/ipython_genutils-0.2.0-py_1.tar.bz2#5071c982548b3a20caf70462f04f5287
https://conda.anaconda.org/conda-forge/noarch/jupyterlab_widgets-1.0.0-pyhd8ed1ab_1.tar.bz2#f8da92114c8fbe1d951b0efaf54dd14b
https://conda.anaconda.org/conda-forge/win-64/libarchive-3.5.1-h8686738_1.tar.bz2#cb856f968eeeb572d90a557f9afedad9
https://conda.anaconda.org/conda-forge/win-64/libcurl-7.76.1-hf1763fc_1.tar.bz2#1891ca670af87065d5efa7556af7c7b9
https://conda.anaconda.org/conda-forge/noarch/nest-asyncio-1.5.1-pyhd8ed1ab_0.tar.bz2#47a51a5b8f9cc41004c8d7bd88b62447
https://conda.anaconda.org/conda-forge/noarch/pandocfilters-1.4.2-py_1.tar.bz2#ba6f4a308f1ea22abe1d72e72544af76
https://conda.anaconda.org/conda-forge/noarch/parso-0.8.2-pyhd8ed1ab_0.tar.bz2#fb40b157bd62b457a1cc82527b63f0b0
https://conda.anaconda.org/conda-forge/noarch/pickleshare-0.7.5-py_1003.tar.bz2#415f0ebb6198cc2801c73438a9fb5761
https://conda.anaconda.org/conda-forge/noarch/prometheus_client-0.10.1-pyhd8ed1ab_0.tar.bz2#088ca4c07d7b346a2a099b3685a0e992
https://conda.anaconda.org/conda-forge/noarch/pycparser-2.20-pyh9f0ad1d_2.tar.bz2#aa798d50ffd182a0f6f31478c7f434f6
https://conda.anaconda.org/conda-forge/noarch/pyparsing-2.4.7-pyh9f0ad1d_0.tar.bz2#626c4f20d5bf06dcec9cf2eaa31725c7
https://conda.anaconda.org/conda-forge/win-64/python_abi-3.8-1_cp38.tar.bz2#18ced0580562dca07ae039050748cc50
https://conda.anaconda.org/conda-forge/noarch/pytz-2021.1-pyhd8ed1ab_0.tar.bz2#3af2e9424d5eb0063824a3f9b850d411
https://conda.anaconda.org/conda-forge/noarch/send2trash-1.5.0-py_0.tar.bz2#c3779037a635e1150f1c53c28b875949
https://conda.anaconda.org/conda-forge/noarch/shellingham-1.4.0-pyh44b312d_0.tar.bz2#437655338696f9d0dfdb0a024e66b255
https://conda.anaconda.org/conda-forge/noarch/six-1.16.0-pyh6c4a22f_0.tar.bz2#e5f25f8dbc060e9a8d912e432202afc2
https://conda.anaconda.org/conda-forge/noarch/smmap-3.0.5-pyh44b312d_0.tar.bz2#3a8dc70789709aa315325d5df06fb7e4
https://conda.anaconda.org/conda-forge/noarch/snowballstemmer-2.1.0-pyhd8ed1ab_0.tar.bz2#f1d64c0cf0eedf655a96ccdc1573c05a
https://conda.anaconda.org/conda-forge/noarch/soupsieve-2.0.1-py_1.tar.bz2#aa1db70848c19bace567ba39a157f508
https://conda.anaconda.org/conda-forge/noarch/sphinxcontrib-applehelp-1.0.2-py_0.tar.bz2#20b2eaeaeea4ef9a9a0d99770620fd09
https://conda.anaconda.org/conda-forge/noarch/sphinxcontrib-devhelp-1.0.2-py_0.tar.bz2#68e01cac9d38d0e717cd5c87bc3d2cc9
https://conda.anaconda.org/conda-forge/noarch/sphinxcontrib-htmlhelp-1.0.3-py_0.tar.bz2#4508a40465ebf0105e52f7194f299411
https://conda.anaconda.org/conda-forge/noarch/sphinxcontrib-jsmath-1.0.1-py_0.tar.bz2#67cd9d9c0382d37479b4d306c369a2d4
https://conda.anaconda.org/conda-forge/noarch/sphinxcontrib-qthelp-1.0.3-py_0.tar.bz2#d01180388e6d1838c3e1ad029590aa7a
https://conda.anaconda.org/conda-forge/noarch/sphinxcontrib-serializinghtml-1.1.4-py_0.tar.bz2#8ea6a8036e28dba8827d35c764709358
https://conda.anaconda.org/conda-forge/noarch/testpath-0.4.4-py_0.tar.bz2#3b98fff4d5342bebde2ecaa314f796f9
https://conda.anaconda.org/conda-forge/noarch/toml-0.10.2-pyhd8ed1ab_0.tar.bz2#f832c45a477c78bebd107098db465095
https://conda.anaconda.org/conda-forge/noarch/tqdm-4.60.0-pyhd8ed1ab_0.tar.bz2#d4d22fcd50ccf1925fe59efd36ba4358
https://conda.anaconda.org/conda-forge/noarch/typing_extensions-3.7.4.3-py_0.tar.bz2#12b96e382730541a4b332420227055ae
https://conda.anaconda.org/conda-forge/noarch/uc-micro-py-1.0.1-pyhd8ed1ab_0.tar.bz2#3ddf6684d9b274a12c94e509ca45656c
https://conda.anaconda.org/conda-forge/noarch/webencodings-0.5.1-py_1.tar.bz2#3563be4c5611a44210d9ba0c16113136
https://conda.anaconda.org/conda-forge/noarch/wheel-0.36.2-pyhd3deb0d_0.tar.bz2#768bfbe026426d0e76b377997d1f2b98
https://conda.anaconda.org/conda-forge/noarch/zipp-3.4.1-pyhd8ed1ab_0.tar.bz2#a4fa30eb74a326092b3d8078b1f1aae1
https://conda.anaconda.org/conda-forge/noarch/babel-2.9.1-pyh44b312d_0.tar.bz2#74136ed39bfea0832d338df1e58d013e
https://conda.anaconda.org/conda-forge/noarch/beautifulsoup4-4.9.3-pyhb0f4dca_0.tar.bz2#d243a293d7303ab6195d96ce8c16b1cb
https://conda.anaconda.org/conda-forge/win-64/certifi-2020.12.5-py38haa244fe_1.tar.bz2#0ff61c01f4afa91e32fa891796268c46
https://conda.anaconda.org/conda-forge/win-64/cffi-1.14.5-py38hd8c33c5_0.tar.bz2#e37ed9001bfcfcbe756cad573025332e
https://conda.anaconda.org/conda-forge/win-64/chardet-4.0.0-py38haa244fe_1.tar.bz2#9bbdbfa107dd56c65935bc1843dcce87
https://conda.anaconda.org/conda-forge/noarch/click-default-group-1.2.2-pyhd8ed1ab_1.tar.bz2#72a46ffc25701c173932fd55cf0965d3
https://conda.anaconda.org/conda-forge/noarch/click-log-0.3.2-pyh9f0ad1d_0.tar.bz2#3a64d156136fad977df1b81a24b57ac0
https://conda.anaconda.org/conda-forge/win-64/conda-package-handling-1.7.3-py38h31c79cd_0.tar.bz2#31699b26d238c23ada0f553f9924e35b
https://conda.anaconda.org/conda-forge/win-64/docutils-0.16-py38haa244fe_3.tar.bz2#b8a59d344ee2d69a478aaf2190f5944c
https://conda.anaconda.org/conda-forge/noarch/gitdb-4.0.7-pyhd8ed1ab_0.tar.bz2#12977b4cc317a6ee2939aedcb09a4898
https://conda.anaconda.org/conda-forge/win-64/importlib-metadata-4.0.1-py38haa244fe_0.tar.bz2#b7264b39c7b1eec20fb67bceeeb6a288
https://conda.anaconda.org/conda-forge/win-64/jedi-0.18.0-py38haa244fe_2.tar.bz2#5ebcdbf2b8991fb81c246dfaa2c6be95
https://conda.anaconda.org/conda-forge/noarch/latexcodec-2.0.1-pyh9f0ad1d_0.tar.bz2#8d67904973263afd2985ba56aa2d6bb4
https://conda.anaconda.org/conda-forge/noarch/linkify-it-py-1.0.1-pyhd8ed1ab_0.tar.bz2#ba62f26244ee9275094ed243228c6318
https://conda.anaconda.org/conda-forge/win-64/markupsafe-1.1.1-py38h294d835_3.tar.bz2#d2b658ec93eaefd19455d279b5f2d885
https://conda.anaconda.org/conda-forge/win-64/mistune-0.8.4-py38h294d835_1003.tar.bz2#e3517b07057bbb0c0c75e011711a4378
https://conda.anaconda.org/conda-forge/noarch/nested-lookup-0.2.22-pyhd8ed1ab_0.tar.bz2#1efbea46aaa76d66efdbcb42e949b594
https://conda.anaconda.org/conda-forge/noarch/packaging-20.9-pyh44b312d_0.tar.bz2#be69a38e912054a62dc82cc3c7711a64
https://conda.anaconda.org/conda-forge/win-64/pycosat-0.6.3-py38h294d835_1006.tar.bz2#57dd729b2ae969adabb336759879d678
https://conda.anaconda.org/conda-forge/win-64/pyrsistent-0.17.3-py38h294d835_2.tar.bz2#7989a0a7774033d28158f68c2cb86b5b
https://conda.anaconda.org/conda-forge/noarch/python-dateutil-2.8.1-py_0.tar.bz2#0d0150ed9c2d25817f5324108d3f7571
https://conda.anaconda.org/conda-forge/win-64/pywin32-300-py38h294d835_0.tar.bz2#00ca6208d00309f45c22443aa77a9e1e
https://conda.anaconda.org/conda-forge/win-64/pywinpty-1.0.1-py38hd3f51b4_0.tar.bz2#d25a144f7006573667f6fb2ad3d78e5d
https://conda.anaconda.org/conda-forge/win-64/pyyaml-5.4.1-py38h294d835_0.tar.bz2#6502967250cd8e7512fc8252c0da28d7
https://conda.anaconda.org/conda-forge/win-64/pyzmq-22.0.3-py38h09162b1_1.tar.bz2#1ca9cc1b59bdc1502b3351248a53f9ed
https://conda.anaconda.org/conda-forge/win-64/ruamel_yaml-0.15.80-py38h294d835_1004.tar.bz2#ed557c611af67b1a20c531719661fda6
https://conda.anaconda.org/conda-forge/win-64/sqlalchemy-1.3.23-py38h294d835_0.tar.bz2#76faae51942ff5bd32bdc151dbb784d8
https://conda.anaconda.org/conda-forge/win-64/tornado-6.1-py38h294d835_1.tar.bz2#e2d72b0e2e40b6b444617c079d4cfb75
https://conda.anaconda.org/conda-forge/noarch/traitlets-5.0.5-py_0.tar.bz2#99618ee9ab1323e40f231acdab92fe60
https://conda.anaconda.org/conda-forge/win-64/win_inet_pton-1.1.0-py38haa244fe_2.tar.bz2#6ebb62fd7f9ad919a8e43548e1163130
https://conda.anaconda.org/conda-forge/win-64/wincertstore-0.2-py38haa244fe_1006.tar.bz2#3d25df9e81ec24db2d91b7b477860a01
https://conda.anaconda.org/conda-forge/win-64/argon2-cffi-20.1.0-py38h294d835_2.tar.bz2#2c84cff56efb8071cd3996453f8d05a2
https://conda.anaconda.org/conda-forge/win-64/brotlipy-0.7.0-py38h294d835_1001.tar.bz2#2ee57645fb3b9e5388df213477e1300e
https://conda.anaconda.org/conda-forge/win-64/cryptography-3.4.7-py38hd7da0ea_0.tar.bz2#1679807c685824e4ad34fb4cad659668
https://conda.anaconda.org/conda-forge/noarch/ghp-import-1.1.0-pyhd8ed1ab_0.tar.bz2#0915a60ca31a532bb35809791d24eb26
https://conda.anaconda.org/conda-forge/noarch/gitpython-3.1.15-pyhd8ed1ab_0.tar.bz2#e39229fa68a46674e21f90904973b7f5
https://conda.anaconda.org/conda-forge/win-64/jupyter_core-4.7.1-py38haa244fe_0.tar.bz2#66305c568b9c5e6be7237208cdfd6fd5
https://conda.anaconda.org/conda-forge/noarch/matplotlib-inline-0.1.2-pyhd8ed1ab_2.tar.bz2#0967e1db58b16e416464ca399f87df79
https://conda.anaconda.org/conda-forge/win-64/menuinst-1.4.16-py38h32f6830_1.tar.bz2#924d596c7cc3f4967844902456fd1bdb
https://conda.anaconda.org/conda-forge/win-64/pysocks-1.7.1-py38haa244fe_3.tar.bz2#8fac4219dff4b3204e424f219660565c
https://conda.anaconda.org/conda-forge/win-64/setuptools-49.6.0-py38haa244fe_3.tar.bz2#c104ed0b1f9f55efcf872c4af2a6036a
https://conda.anaconda.org/conda-forge/win-64/terminado-0.9.4-py38haa244fe_0.tar.bz2#959debe4635ba3e53d03207883da1e68
https://conda.anaconda.org/conda-forge/noarch/backports.functools_lru_cache-1.6.4-pyhd8ed1ab_0.tar.bz2#c5b3edc62d6309088f4970b3eaaa65a6
https://conda.anaconda.org/conda-forge/noarch/bleach-3.3.0-pyh44b312d_0.tar.bz2#abf6b76c39358ca36ca706c46f054f2a
https://conda.anaconda.org/conda-forge/noarch/jinja2-2.11.3-pyh44b312d_0.tar.bz2#1d4c3605d85a3655b1595e0694138eb6
https://conda.anaconda.org/conda-forge/noarch/jsonschema-3.2.0-pyhd8ed1ab_3.tar.bz2#66125e28711d8ffc04a207a2b170316d
https://conda.anaconda.org/conda-forge/noarch/jupyter_client-6.1.12-pyhd8ed1ab_0.tar.bz2#f58b38ddb9f94fa3cafea4ba2b17f93b
https://conda.anaconda.org/conda-forge/noarch/pip-21.1.1-pyhd8ed1ab_0.tar.bz2#e0bad1330c3575222d221e7679a36a0a
https://conda.anaconda.org/conda-forge/win-64/pybtex-0.24.0-py38haa244fe_0.tar.bz2#4ec0cceddc496007049c563b904fe1cb
https://conda.anaconda.org/conda-forge/noarch/pygments-2.9.0-pyhd8ed1ab_0.tar.bz2#a2d9bba43c9b80a42b0ccb9afd7223c2
https://conda.anaconda.org/conda-forge/noarch/pyopenssl-20.0.1-pyhd8ed1ab_0.tar.bz2#92371c25994d0f5d28a01c1fb75ebf86
https://conda.anaconda.org/conda-forge/win-64/click-completion-0.5.2-py38haa244fe_2.tar.bz2#a6d5cee5dd11a8be2628c9251f19fb82
https://conda.anaconda.org/conda-forge/noarch/nbformat-5.1.3-pyhd8ed1ab_0.tar.bz2#bafa5df6d4f8db69a4d197b4657127e7
https://conda.anaconda.org/conda-forge/win-64/pybtex-docutils-1.0.0-py38haa244fe_0.tar.bz2#d551262bbcb84ea0e4511595099fa107
https://conda.anaconda.org/conda-forge/noarch/urllib3-1.26.4-pyhd8ed1ab_0.tar.bz2#d7b20b328e23d993994ea02077c009c0
https://conda.anaconda.org/conda-forge/noarch/wcwidth-0.2.5-pyh9f0ad1d_2.tar.bz2#5266fcd697043c59621fda522b3d78ee
https://conda.anaconda.org/conda-forge/noarch/nbclient-0.5.3-pyhd8ed1ab_0.tar.bz2#67f12831640fde52fe9be1bbc6b699e7
https://conda.anaconda.org/conda-forge/win-64/nbconvert-5.6.1-py38h32f6830_1.tar.bz2#c3c7fb47e1852659c16abb8862e718e9
https://conda.anaconda.org/conda-forge/noarch/prompt-toolkit-3.0.18-pyha770c72_0.tar.bz2#aa44d0f71016061e83df1126764acdb7
https://conda.anaconda.org/conda-forge/noarch/requests-2.25.1-pyhd3deb0d_0.tar.bz2#ae687aba31a1c400192a86a2e993ffdc
https://conda.anaconda.org/conda-forge/win-64/conda-4.10.1-py38haa244fe_0.tar.bz2#ea3aff4420e8ab3a2f5546ee0895549e
https://conda.anaconda.org/conda-forge/noarch/ensureconda-1.4.1-pyhd8ed1ab_0.tar.bz2#52a7f7cc9076e2c8a25e15e19ad42821
https://conda.anaconda.org/conda-forge/win-64/ipython-7.23.1-py38h43734a8_0.tar.bz2#229985e1662bc01558616720929cc24d
https://conda.anaconda.org/conda-forge/noarch/sphinx-3.5.4-pyh44b312d_0.tar.bz2#0ebc444f001f73c4f6de01057b0be392
https://conda.anaconda.org/conda-forge/noarch/conda-lock-0.9.1-pyhd8ed1ab_0.tar.bz2#c918c8071db1665663a46371b0a46620
https://conda.anaconda.org/conda-forge/win-64/ipykernel-5.5.4-py38h43734a8_0.tar.bz2#cd28d27730ff34abc5b95af88306fc21
https://conda.anaconda.org/conda-forge/win-64/mamba-0.12.2-py38hdd88130_0.tar.bz2#b6864091466d412b8af921deb5300e32
https://conda.anaconda.org/conda-forge/noarch/pydata-sphinx-theme-0.4.3-pyhd8ed1ab_0.tar.bz2#6b244842d35eb2c8f85a757cbb17947a
https://conda.anaconda.org/conda-forge/noarch/sphinx-comments-0.0.3-pyh9f0ad1d_0.tar.bz2#2ae3ce35de0c1cec45c94182694f8d1b
https://conda.anaconda.org/conda-forge/noarch/sphinx-copybutton-0.3.1-pyhd8ed1ab_0.tar.bz2#decad13214a2a545944560eccf4a9815
https://conda.anaconda.org/conda-forge/noarch/sphinx-panels-0.5.2-pyhd3deb0d_0.tar.bz2#1a871a63c4be1bd47a7aa48b7417a426
https://conda.anaconda.org/conda-forge/noarch/sphinx-thebe-0.0.8-pyhd3deb0d_0.tar.bz2#b38bd0317b50ed986a4340b398a9ed72
https://conda.anaconda.org/conda-forge/noarch/sphinx-togglebutton-0.2.3-pyhd3deb0d_0.tar.bz2#3eb34ca58b3cb8df3c92371e79af9e12
https://conda.anaconda.org/conda-forge/noarch/sphinxcontrib-bibtex-2.1.4-pyhd8ed1ab_0.tar.bz2#8d1efbbecae1a014af744fe7765654c3
https://conda.anaconda.org/conda-forge/noarch/notebook-6.3.0-pyha770c72_1.tar.bz2#6a53111a5a62d32abfa21aac8fc55a1b
https://conda.anaconda.org/conda-forge/noarch/sphinx-book-theme-0.0.41-pyhd8ed1ab_0.tar.bz2#8848404afec0f9986c7e049d646083cb
https://conda.anaconda.org/conda-forge/noarch/nbdime-2.1.0-py_0.tar.bz2#f67fc83a532d286706aef7f9ec2a1739
https://conda.anaconda.org/conda-forge/win-64/widgetsnbextension-3.5.1-py38haa244fe_4.tar.bz2#36985a09e5fcd85459c2ab647020c603
https://conda.anaconda.org/conda-forge/noarch/ipywidgets-7.6.3-pyhd3deb0d_0.tar.bz2#536a9ed6d9e740f2b83d1a3c388e4388
https://conda.anaconda.org/conda-forge/noarch/jupyter-cache-0.4.2-pyhd8ed1ab_1.tar.bz2#88aa66dbeed9b7e7e33d6301bede0a3d
https://conda.anaconda.org/conda-forge/noarch/jupyter-sphinx-0.3.2-py_0.tar.bz2#9ae5148b076ddba22552ddb57a4c22ee
https://conda.anaconda.org/conda-forge/noarch/jupyterbook-latex-0.2.0-pyhd8ed1ab_0.tar.bz2#e0436a16598d47095a204b7e5b697e76
https://conda.anaconda.org/conda-forge/noarch/jupytext-1.10.3-pyh44b312d_0.tar.bz2#a4e5e73ca8096bdf426ba27a75712054
https://conda.anaconda.org/conda-forge/noarch/jupyter-book-0.10.2-pyhd8ed1ab_0.tar.bz2#89864b4c964ea8ae6e378bc2ee193bc8
https://conda.anaconda.org/conda-forge/noarch/markdown-it-py-0.6.2-pyhd8ed1ab_0.tar.bz2#61d712a472b02ccd3ba3f45383d373a3
https://conda.anaconda.org/conda-forge/noarch/mdit-py-plugins-0.2.6-pyhd8ed1ab_0.tar.bz2#e9647b3958ae8a26958aeff582c2e78e
https://conda.anaconda.org/conda-forge/noarch/myst-parser-0.13.7-pyhd8ed1ab_0.tar.bz2#1ff522344de6c3e47fe9d919c98056ba
https://conda.anaconda.org/conda-forge/noarch/myst-nb-0.12.3-pyhd8ed1ab_0.tar.bz2#ebf571800ca804f56962fe00ddb5c73d
